// !$*UTF8*$!
{
	archiveVersion = 1;
	classes = {
	};
	objectVersion = 46;
	objects = {

/* Begin PBXBuildFile section */
		820D453F1BEA919400F334B8 /* AppsCollectionViewCell.swift in Sources */ = {isa = PBXBuildFile; fileRef = 820D452C1BEA919400F334B8 /* AppsCollectionViewCell.swift */; };
		820D45401BEA919400F334B8 /* AppsCollectionViewCell.xib in Resources */ = {isa = PBXBuildFile; fileRef = 820D452D1BEA919400F334B8 /* AppsCollectionViewCell.xib */; };
		820D45411BEA919400F334B8 /* BioCollectionViewCell.swift in Sources */ = {isa = PBXBuildFile; fileRef = 820D452E1BEA919400F334B8 /* BioCollectionViewCell.swift */; };
		820D45421BEA919400F334B8 /* BioCollectionViewCell.xib in Resources */ = {isa = PBXBuildFile; fileRef = 820D452F1BEA919400F334B8 /* BioCollectionViewCell.xib */; };
		820D45431BEA919400F334B8 /* ContactCollectionViewCell.swift in Sources */ = {isa = PBXBuildFile; fileRef = 820D45301BEA919400F334B8 /* ContactCollectionViewCell.swift */; };
		820D45441BEA919400F334B8 /* ContactCollectionViewCell.xib in Resources */ = {isa = PBXBuildFile; fileRef = 820D45311BEA919400F334B8 /* ContactCollectionViewCell.xib */; };
		820D45451BEA919400F334B8 /* EducationCollectionView.swift in Sources */ = {isa = PBXBuildFile; fileRef = 820D45321BEA919400F334B8 /* EducationCollectionView.swift */; };
		820D45461BEA919400F334B8 /* EducationCollectionViewCell.swift in Sources */ = {isa = PBXBuildFile; fileRef = 820D45331BEA919400F334B8 /* EducationCollectionViewCell.swift */; };
		820D45471BEA919400F334B8 /* EducationCollectionViewCell.xib in Resources */ = {isa = PBXBuildFile; fileRef = 820D45341BEA919400F334B8 /* EducationCollectionViewCell.xib */; };
		820D45481BEA919400F334B8 /* GithubCollectionViewCell.swift in Sources */ = {isa = PBXBuildFile; fileRef = 820D45351BEA919400F334B8 /* GithubCollectionViewCell.swift */; };
		820D45491BEA919400F334B8 /* GithubCollectionViewCell.xib in Resources */ = {isa = PBXBuildFile; fileRef = 820D45361BEA919400F334B8 /* GithubCollectionViewCell.xib */; };
		820D454A1BEA919400F334B8 /* GithubGraphView.swift in Sources */ = {isa = PBXBuildFile; fileRef = 820D45371BEA919400F334B8 /* GithubGraphView.swift */; };
		820D454B1BEA919400F334B8 /* HomeCollectionViewCell.swift in Sources */ = {isa = PBXBuildFile; fileRef = 820D45381BEA919400F334B8 /* HomeCollectionViewCell.swift */; };
		820D454C1BEA919400F334B8 /* HomeCollectionViewCell.xib in Resources */ = {isa = PBXBuildFile; fileRef = 820D45391BEA919400F334B8 /* HomeCollectionViewCell.xib */; };
		820D454D1BEA919400F334B8 /* StackAnswersCollectionView.swift in Sources */ = {isa = PBXBuildFile; fileRef = 820D453A1BEA919400F334B8 /* StackAnswersCollectionView.swift */; };
		820D454E1BEA919400F334B8 /* StackCollectionViewCell.swift in Sources */ = {isa = PBXBuildFile; fileRef = 820D453B1BEA919400F334B8 /* StackCollectionViewCell.swift */; };
		820D454F1BEA919400F334B8 /* StackCollectionViewCell.xib in Resources */ = {isa = PBXBuildFile; fileRef = 820D453C1BEA919400F334B8 /* StackCollectionViewCell.xib */; };
		820D45501BEA919400F334B8 /* StackDataController.swift in Sources */ = {isa = PBXBuildFile; fileRef = 820D453D1BEA919400F334B8 /* StackDataController.swift */; };
		820D45511BEA919400F334B8 /* StackGraphView.swift in Sources */ = {isa = PBXBuildFile; fileRef = 820D453E1BEA919400F334B8 /* StackGraphView.swift */; };
		821C364B1B71A3A300E8F350 /* AppDelegate.swift in Sources */ = {isa = PBXBuildFile; fileRef = 821C364A1B71A3A300E8F350 /* AppDelegate.swift */; };
		821C364D1B71A3A300E8F350 /* CollectionViewController.swift in Sources */ = {isa = PBXBuildFile; fileRef = 821C364C1B71A3A300E8F350 /* CollectionViewController.swift */; };
		821C36501B71A3A300E8F350 /* Main.storyboard in Resources */ = {isa = PBXBuildFile; fileRef = 821C364E1B71A3A300E8F350 /* Main.storyboard */; };
		821C36531B71A3A300E8F350 /* Resume.xcdatamodeld in Sources */ = {isa = PBXBuildFile; fileRef = 821C36511B71A3A300E8F350 /* Resume.xcdatamodeld */; };
		821C36551B71A3A300E8F350 /* Assets.xcassets in Resources */ = {isa = PBXBuildFile; fileRef = 821C36541B71A3A300E8F350 /* Assets.xcassets */; };
		821C36581B71A3A300E8F350 /* LaunchScreen.storyboard in Resources */ = {isa = PBXBuildFile; fileRef = 821C36561B71A3A300E8F350 /* LaunchScreen.storyboard */; };
		821C36631B71A3A300E8F350 /* ResumeTests.swift in Sources */ = {isa = PBXBuildFile; fileRef = 821C36621B71A3A300E8F350 /* ResumeTests.swift */; };
		821C366E1B71A3A300E8F350 /* ResumeUITests.swift in Sources */ = {isa = PBXBuildFile; fileRef = 821C366D1B71A3A300E8F350 /* ResumeUITests.swift */; };
		821DC70F1B747085001C0D4B /* UITextViewAutoHeight.swift in Sources */ = {isa = PBXBuildFile; fileRef = 821DC70E1B747085001C0D4B /* UITextViewAutoHeight.swift */; };
		82235BFC1BD73F9F0087D513 /* MenuTransitionManager.swift in Sources */ = {isa = PBXBuildFile; fileRef = 82235BFB1BD73F9F0087D513 /* MenuTransitionManager.swift */; };
		82235BFE1BD73FAB0087D513 /* MenuViewController.swift in Sources */ = {isa = PBXBuildFile; fileRef = 82235BFD1BD73FAB0087D513 /* MenuViewController.swift */; };
		82235C011BD750E70087D513 /* UIMenuButton.swift in Sources */ = {isa = PBXBuildFile; fileRef = 82235C001BD750E70087D513 /* UIMenuButton.swift */; };
		828A590D1B7650F10025CEA9 /* UICenteredTextView.swift in Sources */ = {isa = PBXBuildFile; fileRef = 828A590C1B7650F10025CEA9 /* UICenteredTextView.swift */; };
		829973701B9DFB0D00EE8C34 /* NavigationViewController.swift in Sources */ = {isa = PBXBuildFile; fileRef = 8299736F1B9DFB0D00EE8C34 /* NavigationViewController.swift */; };
		82A28F321B71ADED0000B73E /* UICollectionViewScrollCell.swift in Sources */ = {isa = PBXBuildFile; fileRef = 82A28F311B71ADED0000B73E /* UICollectionViewScrollCell.swift */; };
		82BACB6B1B819F9C005CA226 /* StackReputation+CoreDataProperties.swift in Sources */ = {isa = PBXBuildFile; fileRef = 82BACB691B819F9C005CA226 /* StackReputation+CoreDataProperties.swift */; };
		82BACB6C1B819F9C005CA226 /* StackReputation.swift in Sources */ = {isa = PBXBuildFile; fileRef = 82BACB6A1B819F9C005CA226 /* StackReputation.swift */; };
		82BACB6F1B82BD17005CA226 /* AFDateExtension.swift in Sources */ = {isa = PBXBuildFile; fileRef = 82BACB6E1B82BD17005CA226 /* AFDateExtension.swift */; };
		82C3F1E01B71BB220076FF0D /* Extensions.swift in Sources */ = {isa = PBXBuildFile; fileRef = 82C3F1DE1B71BB220076FF0D /* Extensions.swift */; };
		82C3F1E11B71BB220076FF0D /* UIPolyImageView.swift in Sources */ = {isa = PBXBuildFile; fileRef = 82C3F1DF1B71BB220076FF0D /* UIPolyImageView.swift */; };
		82C3F1E41B727CEB0076FF0D /* UIBannerView.swift in Sources */ = {isa = PBXBuildFile; fileRef = 82C3F1E31B727CEB0076FF0D /* UIBannerView.swift */; };
		82E37CB61B9DFBA700A91BA2 /* NavigationTransitionManager.swift in Sources */ = {isa = PBXBuildFile; fileRef = 82E37CB51B9DFBA700A91BA2 /* NavigationTransitionManager.swift */; };
		82FB0CBD1B8B748E00DC093A /* UIColorExtension.swift in Sources */ = {isa = PBXBuildFile; fileRef = 82FB0CBC1B8B748E00DC093A /* UIColorExtension.swift */; };
/* End PBXBuildFile section */

/* Begin PBXContainerItemProxy section */
		821C365F1B71A3A300E8F350 /* PBXContainerItemProxy */ = {
			isa = PBXContainerItemProxy;
			containerPortal = 821C363F1B71A3A300E8F350 /* Project object */;
			proxyType = 1;
			remoteGlobalIDString = 821C36461B71A3A300E8F350;
			remoteInfo = Resume;
		};
		821C366A1B71A3A300E8F350 /* PBXContainerItemProxy */ = {
			isa = PBXContainerItemProxy;
			containerPortal = 821C363F1B71A3A300E8F350 /* Project object */;
			proxyType = 1;
			remoteGlobalIDString = 821C36461B71A3A300E8F350;
			remoteInfo = Resume;
		};
/* End PBXContainerItemProxy section */

/* Begin PBXFileReference section */
		820D452C1BEA919400F334B8 /* AppsCollectionViewCell.swift */ = {isa = PBXFileReference; fileEncoding = 4; lastKnownFileType = sourcecode.swift; path = AppsCollectionViewCell.swift; sourceTree = "<group>"; };
		820D452D1BEA919400F334B8 /* AppsCollectionViewCell.xib */ = {isa = PBXFileReference; fileEncoding = 4; lastKnownFileType = file.xib; path = AppsCollectionViewCell.xib; sourceTree = "<group>"; };
		820D452E1BEA919400F334B8 /* BioCollectionViewCell.swift */ = {isa = PBXFileReference; fileEncoding = 4; lastKnownFileType = sourcecode.swift; path = BioCollectionViewCell.swift; sourceTree = "<group>"; };
		820D452F1BEA919400F334B8 /* BioCollectionViewCell.xib */ = {isa = PBXFileReference; fileEncoding = 4; lastKnownFileType = file.xib; path = BioCollectionViewCell.xib; sourceTree = "<group>"; };
		820D45301BEA919400F334B8 /* ContactCollectionViewCell.swift */ = {isa = PBXFileReference; fileEncoding = 4; lastKnownFileType = sourcecode.swift; path = ContactCollectionViewCell.swift; sourceTree = "<group>"; };
		820D45311BEA919400F334B8 /* ContactCollectionViewCell.xib */ = {isa = PBXFileReference; fileEncoding = 4; lastKnownFileType = file.xib; path = ContactCollectionViewCell.xib; sourceTree = "<group>"; };
		820D45321BEA919400F334B8 /* EducationCollectionView.swift */ = {isa = PBXFileReference; fileEncoding = 4; lastKnownFileType = sourcecode.swift; path = EducationCollectionView.swift; sourceTree = "<group>"; };
		820D45331BEA919400F334B8 /* EducationCollectionViewCell.swift */ = {isa = PBXFileReference; fileEncoding = 4; lastKnownFileType = sourcecode.swift; path = EducationCollectionViewCell.swift; sourceTree = "<group>"; };
		820D45341BEA919400F334B8 /* EducationCollectionViewCell.xib */ = {isa = PBXFileReference; fileEncoding = 4; lastKnownFileType = file.xib; path = EducationCollectionViewCell.xib; sourceTree = "<group>"; };
		820D45351BEA919400F334B8 /* GithubCollectionViewCell.swift */ = {isa = PBXFileReference; fileEncoding = 4; lastKnownFileType = sourcecode.swift; path = GithubCollectionViewCell.swift; sourceTree = "<group>"; };
		820D45361BEA919400F334B8 /* GithubCollectionViewCell.xib */ = {isa = PBXFileReference; fileEncoding = 4; lastKnownFileType = file.xib; path = GithubCollectionViewCell.xib; sourceTree = "<group>"; };
		820D45371BEA919400F334B8 /* GithubGraphView.swift */ = {isa = PBXFileReference; fileEncoding = 4; lastKnownFileType = sourcecode.swift; path = GithubGraphView.swift; sourceTree = "<group>"; };
		820D45381BEA919400F334B8 /* HomeCollectionViewCell.swift */ = {isa = PBXFileReference; fileEncoding = 4; lastKnownFileType = sourcecode.swift; path = HomeCollectionViewCell.swift; sourceTree = "<group>"; };
		820D45391BEA919400F334B8 /* HomeCollectionViewCell.xib */ = {isa = PBXFileReference; fileEncoding = 4; lastKnownFileType = file.xib; path = HomeCollectionViewCell.xib; sourceTree = "<group>"; };
		820D453A1BEA919400F334B8 /* StackAnswersCollectionView.swift */ = {isa = PBXFileReference; fileEncoding = 4; lastKnownFileType = sourcecode.swift; path = StackAnswersCollectionView.swift; sourceTree = "<group>"; };
		820D453B1BEA919400F334B8 /* StackCollectionViewCell.swift */ = {isa = PBXFileReference; fileEncoding = 4; lastKnownFileType = sourcecode.swift; path = StackCollectionViewCell.swift; sourceTree = "<group>"; };
		820D453C1BEA919400F334B8 /* StackCollectionViewCell.xib */ = {isa = PBXFileReference; fileEncoding = 4; lastKnownFileType = file.xib; path = StackCollectionViewCell.xib; sourceTree = "<group>"; };
		820D453D1BEA919400F334B8 /* StackDataController.swift */ = {isa = PBXFileReference; fileEncoding = 4; lastKnownFileType = sourcecode.swift; path = StackDataController.swift; sourceTree = "<group>"; };
		820D453E1BEA919400F334B8 /* StackGraphView.swift */ = {isa = PBXFileReference; fileEncoding = 4; lastKnownFileType = sourcecode.swift; path = StackGraphView.swift; sourceTree = "<group>"; };
		821C36471B71A3A300E8F350 /* Resume.app */ = {isa = PBXFileReference; explicitFileType = wrapper.application; includeInIndex = 0; path = Resume.app; sourceTree = BUILT_PRODUCTS_DIR; };
		821C364A1B71A3A300E8F350 /* AppDelegate.swift */ = {isa = PBXFileReference; lastKnownFileType = sourcecode.swift; path = AppDelegate.swift; sourceTree = "<group>"; };
		821C364C1B71A3A300E8F350 /* CollectionViewController.swift */ = {isa = PBXFileReference; lastKnownFileType = sourcecode.swift; path = CollectionViewController.swift; sourceTree = "<group>"; };
		821C364F1B71A3A300E8F350 /* Base */ = {isa = PBXFileReference; lastKnownFileType = file.storyboard; name = Base; path = Base.lproj/Main.storyboard; sourceTree = "<group>"; };
		821C36521B71A3A300E8F350 /* Resume.xcdatamodel */ = {isa = PBXFileReference; lastKnownFileType = wrapper.xcdatamodel; path = Resume.xcdatamodel; sourceTree = "<group>"; };
		821C36541B71A3A300E8F350 /* Assets.xcassets */ = {isa = PBXFileReference; lastKnownFileType = folder.assetcatalog; path = Assets.xcassets; sourceTree = "<group>"; };
		821C36571B71A3A300E8F350 /* Base */ = {isa = PBXFileReference; lastKnownFileType = file.storyboard; name = Base; path = Base.lproj/LaunchScreen.storyboard; sourceTree = "<group>"; };
		821C36591B71A3A300E8F350 /* Info.plist */ = {isa = PBXFileReference; lastKnownFileType = text.plist.xml; path = Info.plist; sourceTree = "<group>"; };
		821C365E1B71A3A300E8F350 /* ResumeTests.xctest */ = {isa = PBXFileReference; explicitFileType = wrapper.cfbundle; includeInIndex = 0; path = ResumeTests.xctest; sourceTree = BUILT_PRODUCTS_DIR; };
		821C36621B71A3A300E8F350 /* ResumeTests.swift */ = {isa = PBXFileReference; lastKnownFileType = sourcecode.swift; path = ResumeTests.swift; sourceTree = "<group>"; };
		821C36641B71A3A300E8F350 /* Info.plist */ = {isa = PBXFileReference; lastKnownFileType = text.plist.xml; path = Info.plist; sourceTree = "<group>"; };
		821C36691B71A3A300E8F350 /* ResumeUITests.xctest */ = {isa = PBXFileReference; explicitFileType = wrapper.cfbundle; includeInIndex = 0; path = ResumeUITests.xctest; sourceTree = BUILT_PRODUCTS_DIR; };
		821C366D1B71A3A300E8F350 /* ResumeUITests.swift */ = {isa = PBXFileReference; lastKnownFileType = sourcecode.swift; path = ResumeUITests.swift; sourceTree = "<group>"; };
		821C366F1B71A3A300E8F350 /* Info.plist */ = {isa = PBXFileReference; lastKnownFileType = text.plist.xml; path = Info.plist; sourceTree = "<group>"; };
		821DC70E1B747085001C0D4B /* UITextViewAutoHeight.swift */ = {isa = PBXFileReference; fileEncoding = 4; lastKnownFileType = sourcecode.swift; path = UITextViewAutoHeight.swift; sourceTree = "<group>"; };
		82235BFB1BD73F9F0087D513 /* MenuTransitionManager.swift */ = {isa = PBXFileReference; fileEncoding = 4; lastKnownFileType = sourcecode.swift; path = MenuTransitionManager.swift; sourceTree = "<group>"; };
		82235BFD1BD73FAB0087D513 /* MenuViewController.swift */ = {isa = PBXFileReference; fileEncoding = 4; lastKnownFileType = sourcecode.swift; path = MenuViewController.swift; sourceTree = "<group>"; };
		82235C001BD750E70087D513 /* UIMenuButton.swift */ = {isa = PBXFileReference; fileEncoding = 4; lastKnownFileType = sourcecode.swift; path = UIMenuButton.swift; sourceTree = "<group>"; };
		828A590C1B7650F10025CEA9 /* UICenteredTextView.swift */ = {isa = PBXFileReference; fileEncoding = 4; lastKnownFileType = sourcecode.swift; path = UICenteredTextView.swift; sourceTree = "<group>"; };
		8299736F1B9DFB0D00EE8C34 /* NavigationViewController.swift */ = {isa = PBXFileReference; fileEncoding = 4; lastKnownFileType = sourcecode.swift; path = NavigationViewController.swift; sourceTree = "<group>"; };
		82A28F311B71ADED0000B73E /* UICollectionViewScrollCell.swift */ = {isa = PBXFileReference; fileEncoding = 4; lastKnownFileType = sourcecode.swift; path = UICollectionViewScrollCell.swift; sourceTree = "<group>"; };
		82BACB691B819F9C005CA226 /* StackReputation+CoreDataProperties.swift */ = {isa = PBXFileReference; fileEncoding = 4; lastKnownFileType = sourcecode.swift; path = "StackReputation+CoreDataProperties.swift"; sourceTree = "<group>"; };
		82BACB6A1B819F9C005CA226 /* StackReputation.swift */ = {isa = PBXFileReference; fileEncoding = 4; lastKnownFileType = sourcecode.swift; path = StackReputation.swift; sourceTree = "<group>"; };
		82BACB6E1B82BD17005CA226 /* AFDateExtension.swift */ = {isa = PBXFileReference; fileEncoding = 4; lastKnownFileType = sourcecode.swift; path = AFDateExtension.swift; sourceTree = "<group>"; };
		82C3F1DE1B71BB220076FF0D /* Extensions.swift */ = {isa = PBXFileReference; fileEncoding = 4; lastKnownFileType = sourcecode.swift; path = Extensions.swift; sourceTree = "<group>"; };
		82C3F1DF1B71BB220076FF0D /* UIPolyImageView.swift */ = {isa = PBXFileReference; fileEncoding = 4; lastKnownFileType = sourcecode.swift; path = UIPolyImageView.swift; sourceTree = "<group>"; };
		82C3F1E21B726AD60076FF0D /* Sandbox.playground */ = {isa = PBXFileReference; lastKnownFileType = file.playground; path = Sandbox.playground; sourceTree = "<group>"; };
		82C3F1E31B727CEB0076FF0D /* UIBannerView.swift */ = {isa = PBXFileReference; fileEncoding = 4; lastKnownFileType = sourcecode.swift; path = UIBannerView.swift; sourceTree = "<group>"; };
		82E37CB51B9DFBA700A91BA2 /* NavigationTransitionManager.swift */ = {isa = PBXFileReference; fileEncoding = 4; lastKnownFileType = sourcecode.swift; path = NavigationTransitionManager.swift; sourceTree = "<group>"; };
		82FB0CBC1B8B748E00DC093A /* UIColorExtension.swift */ = {isa = PBXFileReference; fileEncoding = 4; lastKnownFileType = sourcecode.swift; path = UIColorExtension.swift; sourceTree = "<group>"; };
/* End PBXFileReference section */

/* Begin PBXFrameworksBuildPhase section */
		821C36441B71A3A300E8F350 /* Frameworks */ = {
			isa = PBXFrameworksBuildPhase;
			buildActionMask = 2147483647;
			files = (
			);
			runOnlyForDeploymentPostprocessing = 0;
		};
		821C365B1B71A3A300E8F350 /* Frameworks */ = {
			isa = PBXFrameworksBuildPhase;
			buildActionMask = 2147483647;
			files = (
			);
			runOnlyForDeploymentPostprocessing = 0;
		};
		821C36661B71A3A300E8F350 /* Frameworks */ = {
			isa = PBXFrameworksBuildPhase;
			buildActionMask = 2147483647;
			files = (
			);
			runOnlyForDeploymentPostprocessing = 0;
		};
/* End PBXFrameworksBuildPhase section */

/* Begin PBXGroup section */
		821C363E1B71A3A300E8F350 = {
			isa = PBXGroup;
			children = (
				821C36491B71A3A300E8F350 /* Resume */,
				821C36611B71A3A300E8F350 /* ResumeTests */,
				821C366C1B71A3A300E8F350 /* ResumeUITests */,
				821C36481B71A3A300E8F350 /* Products */,
			);
			sourceTree = "<group>";
		};
		821C36481B71A3A300E8F350 /* Products */ = {
			isa = PBXGroup;
			children = (
				821C36471B71A3A300E8F350 /* Resume.app */,
				821C365E1B71A3A300E8F350 /* ResumeTests.xctest */,
				821C36691B71A3A300E8F350 /* ResumeUITests.xctest */,
			);
			name = Products;
			sourceTree = "<group>";
		};
		821C36491B71A3A300E8F350 /* Resume */ = {
			isa = PBXGroup;
			children = (
				82DE506A1B71A79B00366AA9 /* Supporting Files */,
				82C3F1E51B7283870076FF0D /* Controls */,
				82C3F1E61B7283980076FF0D /* Extensions */,
				821C364E1B71A3A300E8F350 /* Main.storyboard */,
				82C3F1E21B726AD60076FF0D /* Sandbox.playground */,
				82BACB6D1B819FB6005CA226 /* NSManagedObject Subclasses */,
				821C36511B71A3A300E8F350 /* Resume.xcdatamodeld */,
				821C364A1B71A3A300E8F350 /* AppDelegate.swift */,
				8299736F1B9DFB0D00EE8C34 /* NavigationViewController.swift */,
				82E37CB51B9DFBA700A91BA2 /* NavigationTransitionManager.swift */,
				821C364C1B71A3A300E8F350 /* CollectionViewController.swift */,
				82A28F311B71ADED0000B73E /* UICollectionViewScrollCell.swift */,
				82235BFF1BD745B80087D513 /* Menu */,
				82C3F1E91B72842B0076FF0D /* Views */,
			);
			path = Resume;
			sourceTree = "<group>";
		};
		821C36611B71A3A300E8F350 /* ResumeTests */ = {
			isa = PBXGroup;
			children = (
				821C36621B71A3A300E8F350 /* ResumeTests.swift */,
				821C36641B71A3A300E8F350 /* Info.plist */,
			);
			path = ResumeTests;
			sourceTree = "<group>";
		};
		821C366C1B71A3A300E8F350 /* ResumeUITests */ = {
			isa = PBXGroup;
			children = (
				821C366D1B71A3A300E8F350 /* ResumeUITests.swift */,
				821C366F1B71A3A300E8F350 /* Info.plist */,
			);
			path = ResumeUITests;
			sourceTree = "<group>";
		};
		82235BFF1BD745B80087D513 /* Menu */ = {
			isa = PBXGroup;
			children = (
				82235BFB1BD73F9F0087D513 /* MenuTransitionManager.swift */,
				82235BFD1BD73FAB0087D513 /* MenuViewController.swift */,
			);
			name = Menu;
			sourceTree = "<group>";
		};
		82BACB6D1B819FB6005CA226 /* NSManagedObject Subclasses */ = {
			isa = PBXGroup;
			children = (
				82BACB691B819F9C005CA226 /* StackReputation+CoreDataProperties.swift */,
				82BACB6A1B819F9C005CA226 /* StackReputation.swift */,
			);
			name = "NSManagedObject Subclasses";
			sourceTree = "<group>";
		};
		82C3F1E51B7283870076FF0D /* Controls */ = {
			isa = PBXGroup;
			children = (
				821DC70E1B747085001C0D4B /* UITextViewAutoHeight.swift */,
				828A590C1B7650F10025CEA9 /* UICenteredTextView.swift */,
				82C3F1DF1B71BB220076FF0D /* UIPolyImageView.swift */,
				82C3F1E31B727CEB0076FF0D /* UIBannerView.swift */,
				82235C001BD750E70087D513 /* UIMenuButton.swift */,
			);
			name = Controls;
			sourceTree = "<group>";
		};
		82C3F1E61B7283980076FF0D /* Extensions */ = {
			isa = PBXGroup;
			children = (
				82BACB6E1B82BD17005CA226 /* AFDateExtension.swift */,
				82FB0CBC1B8B748E00DC093A /* UIColorExtension.swift */,
				82C3F1DE1B71BB220076FF0D /* Extensions.swift */,
			);
			name = Extensions;
			sourceTree = "<group>";
		};
		82C3F1E91B72842B0076FF0D /* Views */ = {
			isa = PBXGroup;
			children = (
				820D452C1BEA919400F334B8 /* AppsCollectionViewCell.swift */,
				820D452D1BEA919400F334B8 /* AppsCollectionViewCell.xib */,
				820D452E1BEA919400F334B8 /* BioCollectionViewCell.swift */,
				820D452F1BEA919400F334B8 /* BioCollectionViewCell.xib */,
				820D45301BEA919400F334B8 /* ContactCollectionViewCell.swift */,
				820D45311BEA919400F334B8 /* ContactCollectionViewCell.xib */,
				820D45321BEA919400F334B8 /* EducationCollectionView.swift */,
				820D45331BEA919400F334B8 /* EducationCollectionViewCell.swift */,
				820D45341BEA919400F334B8 /* EducationCollectionViewCell.xib */,
				820D45351BEA919400F334B8 /* GithubCollectionViewCell.swift */,
				820D45361BEA919400F334B8 /* GithubCollectionViewCell.xib */,
				820D45371BEA919400F334B8 /* GithubGraphView.swift */,
				820D45381BEA919400F334B8 /* HomeCollectionViewCell.swift */,
				820D45391BEA919400F334B8 /* HomeCollectionViewCell.xib */,
				820D453A1BEA919400F334B8 /* StackAnswersCollectionView.swift */,
				820D453B1BEA919400F334B8 /* StackCollectionViewCell.swift */,
				820D453C1BEA919400F334B8 /* StackCollectionViewCell.xib */,
				820D453D1BEA919400F334B8 /* StackDataController.swift */,
				820D453E1BEA919400F334B8 /* StackGraphView.swift */,
			);
			name = Views;
			sourceTree = "<group>";
		};
		82DE506A1B71A79B00366AA9 /* Supporting Files */ = {
			isa = PBXGroup;
			children = (
				821C36541B71A3A300E8F350 /* Assets.xcassets */,
				821C36561B71A3A300E8F350 /* LaunchScreen.storyboard */,
				821C36591B71A3A300E8F350 /* Info.plist */,
			);
			name = "Supporting Files";
			sourceTree = "<group>";
		};
/* End PBXGroup section */

/* Begin PBXNativeTarget section */
		821C36461B71A3A300E8F350 /* Resume */ = {
			isa = PBXNativeTarget;
			buildConfigurationList = 821C36721B71A3A300E8F350 /* Build configuration list for PBXNativeTarget "Resume" */;
			buildPhases = (
				821C36431B71A3A300E8F350 /* Sources */,
				821C36441B71A3A300E8F350 /* Frameworks */,
				821C36451B71A3A300E8F350 /* Resources */,
			);
			buildRules = (
			);
			dependencies = (
			);
			name = Resume;
			productName = Resume;
			productReference = 821C36471B71A3A300E8F350 /* Resume.app */;
			productType = "com.apple.product-type.application";
		};
		821C365D1B71A3A300E8F350 /* ResumeTests */ = {
			isa = PBXNativeTarget;
			buildConfigurationList = 821C36751B71A3A300E8F350 /* Build configuration list for PBXNativeTarget "ResumeTests" */;
			buildPhases = (
				821C365A1B71A3A300E8F350 /* Sources */,
				821C365B1B71A3A300E8F350 /* Frameworks */,
				821C365C1B71A3A300E8F350 /* Resources */,
			);
			buildRules = (
			);
			dependencies = (
				821C36601B71A3A300E8F350 /* PBXTargetDependency */,
			);
			name = ResumeTests;
			productName = ResumeTests;
			productReference = 821C365E1B71A3A300E8F350 /* ResumeTests.xctest */;
			productType = "com.apple.product-type.bundle.unit-test";
		};
		821C36681B71A3A300E8F350 /* ResumeUITests */ = {
			isa = PBXNativeTarget;
			buildConfigurationList = 821C36781B71A3A300E8F350 /* Build configuration list for PBXNativeTarget "ResumeUITests" */;
			buildPhases = (
				821C36651B71A3A300E8F350 /* Sources */,
				821C36661B71A3A300E8F350 /* Frameworks */,
				821C36671B71A3A300E8F350 /* Resources */,
			);
			buildRules = (
			);
			dependencies = (
				821C366B1B71A3A300E8F350 /* PBXTargetDependency */,
			);
			name = ResumeUITests;
			productName = ResumeUITests;
			productReference = 821C36691B71A3A300E8F350 /* ResumeUITests.xctest */;
			productType = "com.apple.product-type.bundle.ui-testing";
		};
/* End PBXNativeTarget section */

/* Begin PBXProject section */
		821C363F1B71A3A300E8F350 /* Project object */ = {
			isa = PBXProject;
			attributes = {
				LastUpgradeCheck = 0700;
				ORGANIZATIONNAME = "Ian MacCallum";
				TargetAttributes = {
					821C36461B71A3A300E8F350 = {
						CreatedOnToolsVersion = 7.0;
						DevelopmentTeam = 43225XRA2T;
					};
					821C365D1B71A3A300E8F350 = {
						CreatedOnToolsVersion = 7.0;
						TestTargetID = 821C36461B71A3A300E8F350;
					};
					821C36681B71A3A300E8F350 = {
						CreatedOnToolsVersion = 7.0;
						TestTargetID = 821C36461B71A3A300E8F350;
					};
				};
			};
			buildConfigurationList = 821C36421B71A3A300E8F350 /* Build configuration list for PBXProject "Resume" */;
			compatibilityVersion = "Xcode 3.2";
			developmentRegion = English;
			hasScannedForEncodings = 0;
			knownRegions = (
				en,
				Base,
			);
			mainGroup = 821C363E1B71A3A300E8F350;
			productRefGroup = 821C36481B71A3A300E8F350 /* Products */;
			projectDirPath = "";
			projectRoot = "";
			targets = (
				821C36461B71A3A300E8F350 /* Resume */,
				821C365D1B71A3A300E8F350 /* ResumeTests */,
				821C36681B71A3A300E8F350 /* ResumeUITests */,
			);
		};
/* End PBXProject section */

/* Begin PBXResourcesBuildPhase section */
		821C36451B71A3A300E8F350 /* Resources */ = {
			isa = PBXResourcesBuildPhase;
			buildActionMask = 2147483647;
			files = (
				821C36581B71A3A300E8F350 /* LaunchScreen.storyboard in Resources */,
				820D45471BEA919400F334B8 /* EducationCollectionViewCell.xib in Resources */,
				821C36551B71A3A300E8F350 /* Assets.xcassets in Resources */,
				820D45401BEA919400F334B8 /* AppsCollectionViewCell.xib in Resources */,
				820D454C1BEA919400F334B8 /* HomeCollectionViewCell.xib in Resources */,
				820D45421BEA919400F334B8 /* BioCollectionViewCell.xib in Resources */,
				821C36501B71A3A300E8F350 /* Main.storyboard in Resources */,
				820D454F1BEA919400F334B8 /* StackCollectionViewCell.xib in Resources */,
				820D45441BEA919400F334B8 /* ContactCollectionViewCell.xib in Resources */,
				820D45491BEA919400F334B8 /* GithubCollectionViewCell.xib in Resources */,
			);
			runOnlyForDeploymentPostprocessing = 0;
		};
		821C365C1B71A3A300E8F350 /* Resources */ = {
			isa = PBXResourcesBuildPhase;
			buildActionMask = 2147483647;
			files = (
			);
			runOnlyForDeploymentPostprocessing = 0;
		};
		821C36671B71A3A300E8F350 /* Resources */ = {
			isa = PBXResourcesBuildPhase;
			buildActionMask = 2147483647;
			files = (
			);
			runOnlyForDeploymentPostprocessing = 0;
		};
/* End PBXResourcesBuildPhase section */

/* Begin PBXSourcesBuildPhase section */
		821C36431B71A3A300E8F350 /* Sources */ = {
			isa = PBXSourcesBuildPhase;
			buildActionMask = 2147483647;
			files = (
				82A28F321B71ADED0000B73E /* UICollectionViewScrollCell.swift in Sources */,
				820D453F1BEA919400F334B8 /* AppsCollectionViewCell.swift in Sources */,
				82C3F1E01B71BB220076FF0D /* Extensions.swift in Sources */,
				820D454A1BEA919400F334B8 /* GithubGraphView.swift in Sources */,
				820D45481BEA919400F334B8 /* GithubCollectionViewCell.swift in Sources */,
				820D45501BEA919400F334B8 /* StackDataController.swift in Sources */,
				820D454B1BEA919400F334B8 /* HomeCollectionViewCell.swift in Sources */,
				820D45461BEA919400F334B8 /* EducationCollectionViewCell.swift in Sources */,
				829973701B9DFB0D00EE8C34 /* NavigationViewController.swift in Sources */,
				82235BFE1BD73FAB0087D513 /* MenuViewController.swift in Sources */,
				820D45431BEA919400F334B8 /* ContactCollectionViewCell.swift in Sources */,
				821DC70F1B747085001C0D4B /* UITextViewAutoHeight.swift in Sources */,
				82235C011BD750E70087D513 /* UIMenuButton.swift in Sources */,
				821C36531B71A3A300E8F350 /* Resume.xcdatamodeld in Sources */,
				820D45451BEA919400F334B8 /* EducationCollectionView.swift in Sources */,
				82235BFC1BD73F9F0087D513 /* MenuTransitionManager.swift in Sources */,
				82BACB6C1B819F9C005CA226 /* StackReputation.swift in Sources */,
				82C3F1E41B727CEB0076FF0D /* UIBannerView.swift in Sources */,
				820D45511BEA919400F334B8 /* StackGraphView.swift in Sources */,
				820D454E1BEA919400F334B8 /* StackCollectionViewCell.swift in Sources */,
				82BACB6B1B819F9C005CA226 /* StackReputation+CoreDataProperties.swift in Sources */,
				820D454D1BEA919400F334B8 /* StackAnswersCollectionView.swift in Sources */,
				82FB0CBD1B8B748E00DC093A /* UIColorExtension.swift in Sources */,
				82C3F1E11B71BB220076FF0D /* UIPolyImageView.swift in Sources */,
				821C364D1B71A3A300E8F350 /* CollectionViewController.swift in Sources */,
				828A590D1B7650F10025CEA9 /* UICenteredTextView.swift in Sources */,
				82E37CB61B9DFBA700A91BA2 /* NavigationTransitionManager.swift in Sources */,
				821C364B1B71A3A300E8F350 /* AppDelegate.swift in Sources */,
				82BACB6F1B82BD17005CA226 /* AFDateExtension.swift in Sources */,
				820D45411BEA919400F334B8 /* BioCollectionViewCell.swift in Sources */,
			);
			runOnlyForDeploymentPostprocessing = 0;
		};
		821C365A1B71A3A300E8F350 /* Sources */ = {
			isa = PBXSourcesBuildPhase;
			buildActionMask = 2147483647;
			files = (
				821C36631B71A3A300E8F350 /* ResumeTests.swift in Sources */,
			);
			runOnlyForDeploymentPostprocessing = 0;
		};
		821C36651B71A3A300E8F350 /* Sources */ = {
			isa = PBXSourcesBuildPhase;
			buildActionMask = 2147483647;
			files = (
				821C366E1B71A3A300E8F350 /* ResumeUITests.swift in Sources */,
			);
			runOnlyForDeploymentPostprocessing = 0;
		};
/* End PBXSourcesBuildPhase section */

/* Begin PBXTargetDependency section */
		821C36601B71A3A300E8F350 /* PBXTargetDependency */ = {
			isa = PBXTargetDependency;
			target = 821C36461B71A3A300E8F350 /* Resume */;
			targetProxy = 821C365F1B71A3A300E8F350 /* PBXContainerItemProxy */;
		};
		821C366B1B71A3A300E8F350 /* PBXTargetDependency */ = {
			isa = PBXTargetDependency;
			target = 821C36461B71A3A300E8F350 /* Resume */;
			targetProxy = 821C366A1B71A3A300E8F350 /* PBXContainerItemProxy */;
		};
/* End PBXTargetDependency section */

/* Begin PBXVariantGroup section */
		821C364E1B71A3A300E8F350 /* Main.storyboard */ = {
			isa = PBXVariantGroup;
			children = (
				821C364F1B71A3A300E8F350 /* Base */,
			);
			name = Main.storyboard;
			sourceTree = "<group>";
		};
		821C36561B71A3A300E8F350 /* LaunchScreen.storyboard */ = {
			isa = PBXVariantGroup;
			children = (
				821C36571B71A3A300E8F350 /* Base */,
			);
			name = LaunchScreen.storyboard;
			sourceTree = "<group>";
		};
/* End PBXVariantGroup section */

/* Begin XCBuildConfiguration section */
		821C36701B71A3A300E8F350 /* Debug */ = {
			isa = XCBuildConfiguration;
			buildSettings = {
				ALWAYS_SEARCH_USER_PATHS = NO;
				CLANG_CXX_LANGUAGE_STANDARD = "gnu++0x";
				CLANG_CXX_LIBRARY = "libc++";
				CLANG_ENABLE_MODULES = YES;
				CLANG_ENABLE_OBJC_ARC = YES;
				CLANG_WARN_BOOL_CONVERSION = YES;
				CLANG_WARN_CONSTANT_CONVERSION = YES;
				CLANG_WARN_DIRECT_OBJC_ISA_USAGE = YES_ERROR;
				CLANG_WARN_EMPTY_BODY = YES;
				CLANG_WARN_ENUM_CONVERSION = YES;
				CLANG_WARN_INT_CONVERSION = YES;
				CLANG_WARN_OBJC_ROOT_CLASS = YES_ERROR;
				CLANG_WARN_UNREACHABLE_CODE = YES;
				CLANG_WARN__DUPLICATE_METHOD_MATCH = YES;
				"CODE_SIGN_IDENTITY[sdk=iphoneos*]" = "iPhone Developer";
				COPY_PHASE_STRIP = NO;
				DEBUG_INFORMATION_FORMAT = dwarf;
				ENABLE_STRICT_OBJC_MSGSEND = YES;
				ENABLE_TESTABILITY = YES;
				GCC_C_LANGUAGE_STANDARD = gnu99;
				GCC_DYNAMIC_NO_PIC = NO;
				GCC_NO_COMMON_BLOCKS = YES;
				GCC_OPTIMIZATION_LEVEL = 0;
				GCC_PREPROCESSOR_DEFINITIONS = (
					"DEBUG=1",
					"$(inherited)",
				);
				GCC_WARN_64_TO_32_BIT_CONVERSION = YES;
				GCC_WARN_ABOUT_RETURN_TYPE = YES_ERROR;
				GCC_WARN_UNDECLARED_SELECTOR = YES;
				GCC_WARN_UNINITIALIZED_AUTOS = YES_AGGRESSIVE;
				GCC_WARN_UNUSED_FUNCTION = YES;
				GCC_WARN_UNUSED_VARIABLE = YES;
				IPHONEOS_DEPLOYMENT_TARGET = 9.0;
				MTL_ENABLE_DEBUG_INFO = YES;
				ONLY_ACTIVE_ARCH = YES;
				SDKROOT = iphoneos;
				SWIFT_OPTIMIZATION_LEVEL = "-Onone";
				TARGETED_DEVICE_FAMILY = "1,2";
			};
			name = Debug;
		};
		821C36711B71A3A300E8F350 /* Release */ = {
			isa = XCBuildConfiguration;
			buildSettings = {
				ALWAYS_SEARCH_USER_PATHS = NO;
				CLANG_CXX_LANGUAGE_STANDARD = "gnu++0x";
				CLANG_CXX_LIBRARY = "libc++";
				CLANG_ENABLE_MODULES = YES;
				CLANG_ENABLE_OBJC_ARC = YES;
				CLANG_WARN_BOOL_CONVERSION = YES;
				CLANG_WARN_CONSTANT_CONVERSION = YES;
				CLANG_WARN_DIRECT_OBJC_ISA_USAGE = YES_ERROR;
				CLANG_WARN_EMPTY_BODY = YES;
				CLANG_WARN_ENUM_CONVERSION = YES;
				CLANG_WARN_INT_CONVERSION = YES;
				CLANG_WARN_OBJC_ROOT_CLASS = YES_ERROR;
				CLANG_WARN_UNREACHABLE_CODE = YES;
				CLANG_WARN__DUPLICATE_METHOD_MATCH = YES;
				"CODE_SIGN_IDENTITY[sdk=iphoneos*]" = "iPhone Developer";
				COPY_PHASE_STRIP = NO;
				DEBUG_INFORMATION_FORMAT = "dwarf-with-dsym";
				ENABLE_NS_ASSERTIONS = NO;
				ENABLE_STRICT_OBJC_MSGSEND = YES;
				GCC_C_LANGUAGE_STANDARD = gnu99;
				GCC_NO_COMMON_BLOCKS = YES;
				GCC_WARN_64_TO_32_BIT_CONVERSION = YES;
				GCC_WARN_ABOUT_RETURN_TYPE = YES_ERROR;
				GCC_WARN_UNDECLARED_SELECTOR = YES;
				GCC_WARN_UNINITIALIZED_AUTOS = YES_AGGRESSIVE;
				GCC_WARN_UNUSED_FUNCTION = YES;
				GCC_WARN_UNUSED_VARIABLE = YES;
				IPHONEOS_DEPLOYMENT_TARGET = 9.0;
				MTL_ENABLE_DEBUG_INFO = NO;
				SDKROOT = iphoneos;
				TARGETED_DEVICE_FAMILY = "1,2";
				VALIDATE_PRODUCT = YES;
			};
			name = Release;
		};
		821C36731B71A3A300E8F350 /* Debug */ = {
			isa = XCBuildConfiguration;
			buildSettings = {
				ASSETCATALOG_COMPILER_APPICON_NAME = AppIcon;
				CODE_SIGN_IDENTITY = "iPhone Developer";
				INFOPLIST_FILE = Resume/Info.plist;
				IPHONEOS_DEPLOYMENT_TARGET = 9.0;
				LD_RUNPATH_SEARCH_PATHS = "$(inherited) @executable_path/Frameworks";
				PRODUCT_BUNDLE_IDENTIFIER = com.maccdevteam.Resume;
				PRODUCT_NAME = "$(TARGET_NAME)";
			};
			name = Debug;
		};
		821C36741B71A3A300E8F350 /* Release */ = {
			isa = XCBuildConfiguration;
			buildSettings = {
				ASSETCATALOG_COMPILER_APPICON_NAME = AppIcon;
				CODE_SIGN_IDENTITY = "iPhone Developer";
				GCC_OPTIMIZATION_LEVEL = 0;
				INFOPLIST_FILE = Resume/Info.plist;
				IPHONEOS_DEPLOYMENT_TARGET = 9.0;
				LD_RUNPATH_SEARCH_PATHS = "$(inherited) @executable_path/Frameworks";
				PRODUCT_BUNDLE_IDENTIFIER = com.maccdevteam.Resume;
				PRODUCT_NAME = "$(TARGET_NAME)";
			};
			name = Release;
		};
		821C36761B71A3A300E8F350 /* Debug */ = {
			isa = XCBuildConfiguration;
			buildSettings = {
				BUNDLE_LOADER = "$(TEST_HOST)";
				INFOPLIST_FILE = ResumeTests/Info.plist;
				LD_RUNPATH_SEARCH_PATHS = "$(inherited) @executable_path/Frameworks @loader_path/Frameworks";
				PRODUCT_BUNDLE_IDENTIFIER = com.maccdevteam.ResumeTests;
				PRODUCT_NAME = "$(TARGET_NAME)";
				TEST_HOST = "$(BUILT_PRODUCTS_DIR)/Resume.app/Resume";
			};
			name = Debug;
		};
		821C36771B71A3A300E8F350 /* Release */ = {
			isa = XCBuildConfiguration;
			buildSettings = {
				BUNDLE_LOADER = "$(TEST_HOST)";
				INFOPLIST_FILE = ResumeTests/Info.plist;
				LD_RUNPATH_SEARCH_PATHS = "$(inherited) @executable_path/Frameworks @loader_path/Frameworks";
				PRODUCT_BUNDLE_IDENTIFIER = com.maccdevteam.ResumeTests;
				PRODUCT_NAME = "$(TARGET_NAME)";
				TEST_HOST = "$(BUILT_PRODUCTS_DIR)/Resume.app/Resume";
			};
			name = Release;
		};
		821C36791B71A3A300E8F350 /* Debug */ = {
			isa = XCBuildConfiguration;
			buildSettings = {
				INFOPLIST_FILE = ResumeUITests/Info.plist;
				LD_RUNPATH_SEARCH_PATHS = "$(inherited) @executable_path/Frameworks @loader_path/Frameworks";
				PRODUCT_BUNDLE_IDENTIFIER = com.maccdevteam.ResumeUITests;
				PRODUCT_NAME = "$(TARGET_NAME)";
				TEST_TARGET_NAME = Resume;
				USES_XCTRUNNER = YES;
			};
			name = Debug;
		};
		821C367A1B71A3A300E8F350 /* Release */ = {
			isa = XCBuildConfiguration;
			buildSettings = {
				INFOPLIST_FILE = ResumeUITests/Info.plist;
				LD_RUNPATH_SEARCH_PATHS = "$(inherited) @executable_path/Frameworks @loader_path/Frameworks";
				PRODUCT_BUNDLE_IDENTIFIER = com.maccdevteam.ResumeUITests;
				PRODUCT_NAME = "$(TARGET_NAME)";
				TEST_TARGET_NAME = Resume;
				USES_XCTRUNNER = YES;
			};
			name = Release;
		};
/* End XCBuildConfiguration section */

/* Begin XCConfigurationList section */
		821C36421B71A3A300E8F350 /* Build configuration list for PBXProject "Resume" */ = {
			isa = XCConfigurationList;
			buildConfigurations = (
				821C36701B71A3A300E8F350 /* Debug */,
				821C36711B71A3A300E8F350 /* Release */,
			);
			defaultConfigurationIsVisible = 0;
			defaultConfigurationName = Release;
		};
		821C36721B71A3A300E8F350 /* Build configuration list for PBXNativeTarget "Resume" */ = {
			isa = XCConfigurationList;
			buildConfigurations = (
				821C36731B71A3A300E8F350 /* Debug */,
				821C36741B71A3A300E8F350 /* Release */,
			);
			defaultConfigurationIsVisible = 0;
			defaultConfigurationName = Release;
		};
		821C36751B71A3A300E8F350 /* Build configuration list for PBXNativeTarget "ResumeTests" */ = {
			isa = XCConfigurationList;
			buildConfigurations = (
				821C36761B71A3A300E8F350 /* Debug */,
				821C36771B71A3A300E8F350 /* Release */,
			);
			defaultConfigurationIsVisible = 0;
			defaultConfigurationName = Release;
		};
		821C36781B71A3A300E8F350 /* Build configuration list for PBXNativeTarget "ResumeUITests" */ = {
			isa = XCConfigurationList;
			buildConfigurations = (
				821C36791B71A3A300E8F350 /* Debug */,
				821C367A1B71A3A300E8F350 /* Release */,
			);
			defaultConfigurationIsVisible = 0;
			defaultConfigurationName = Release;
		};
/* End XCConfigurationList section */

/* Begin XCVersionGroup section */
		821C36511B71A3A300E8F350 /* Resume.xcdatamodeld */ = {
			isa = XCVersionGroup;
			children = (
				821C36521B71A3A300E8F350 /* Resume.xcdatamodel */,
			);
			currentVersion = 821C36521B71A3A300E8F350 /* Resume.xcdatamodel */;
			path = Resume.xcdatamodeld;
			sourceTree = "<group>";
			versionGroupType = wrapper.xcdatamodel;
		};
/* End XCVersionGroup section */
	};
	rootObject = 821C363F1B71A3A300E8F350 /* Project object */;
}
