// !$*UTF8*$!
{
	archiveVersion = 1;
	classes = {
	};
	objectVersion = 46;
	objects = {

/* Begin PBXBuildFile section */
		8202D5131C5F22B800CC66DD /* StackWebService.swift in Sources */ = {isa = PBXBuildFile; fileRef = 8202D5121C5F22B800CC66DD /* StackWebService.swift */; };
		8202D51A1C5F2D4B00CC66DD /* User+CoreDataProperties.swift in Sources */ = {isa = PBXBuildFile; fileRef = 8202D5141C5F2D4B00CC66DD /* User+CoreDataProperties.swift */; };
		8202D51B1C5F2D4B00CC66DD /* User.swift in Sources */ = {isa = PBXBuildFile; fileRef = 8202D5151C5F2D4B00CC66DD /* User.swift */; };
		8202D51C1C5F2D4B00CC66DD /* Tag+CoreDataProperties.swift in Sources */ = {isa = PBXBuildFile; fileRef = 8202D5161C5F2D4B00CC66DD /* Tag+CoreDataProperties.swift */; };
		8202D51D1C5F2D4B00CC66DD /* Tag.swift in Sources */ = {isa = PBXBuildFile; fileRef = 8202D5171C5F2D4B00CC66DD /* Tag.swift */; };
		8202D51E1C5F2D4B00CC66DD /* Answer+CoreDataProperties.swift in Sources */ = {isa = PBXBuildFile; fileRef = 8202D5181C5F2D4B00CC66DD /* Answer+CoreDataProperties.swift */; };
		8202D51F1C5F2D4B00CC66DD /* Answer.swift in Sources */ = {isa = PBXBuildFile; fileRef = 8202D5191C5F2D4B00CC66DD /* Answer.swift */; };
		822AE3FE1C51E2AF00953F69 /* StackTagCollectionViewCell.xib in Resources */ = {isa = PBXBuildFile; fileRef = 822AE3FD1C51E2AF00953F69 /* StackTagCollectionViewCell.xib */; };
		822AE4001C51E31500953F69 /* StackTagCollectionViewCell.swift in Sources */ = {isa = PBXBuildFile; fileRef = 822AE3FF1C51E31500953F69 /* StackTagCollectionViewCell.swift */; };
		822AE4031C51E50100953F69 /* StackTagsDataSource.swift in Sources */ = {isa = PBXBuildFile; fileRef = 822AE4021C51E50100953F69 /* StackTagsDataSource.swift */; };
		822AE4051C51E50F00953F69 /* StackAnswersDataSource.swift in Sources */ = {isa = PBXBuildFile; fileRef = 822AE4041C51E50F00953F69 /* StackAnswersDataSource.swift */; };
		825129571C4E0B9F00CB81E4 /* futura-bold.ttf in Resources */ = {isa = PBXBuildFile; fileRef = 825129561C4E0B9F00CB81E4 /* futura-bold.ttf */; };
		8254C0C51BEA953500DBEF14 /* AppDelegate.swift in Sources */ = {isa = PBXBuildFile; fileRef = 8254C0C41BEA953500DBEF14 /* AppDelegate.swift */; };
		8254C0CA1BEA953500DBEF14 /* Main.storyboard in Resources */ = {isa = PBXBuildFile; fileRef = 8254C0C81BEA953500DBEF14 /* Main.storyboard */; };
		8254C0CD1BEA953500DBEF14 /* Resume.xcdatamodeld in Sources */ = {isa = PBXBuildFile; fileRef = 8254C0CB1BEA953500DBEF14 /* Resume.xcdatamodeld */; };
		8254C0CF1BEA953500DBEF14 /* Assets.xcassets in Resources */ = {isa = PBXBuildFile; fileRef = 8254C0CE1BEA953500DBEF14 /* Assets.xcassets */; };
		8254C0D21BEA953500DBEF14 /* LaunchScreen.storyboard in Resources */ = {isa = PBXBuildFile; fileRef = 8254C0D01BEA953500DBEF14 /* LaunchScreen.storyboard */; };
		8254C0DC1BEA956500DBEF14 /* Extensions.swift in Sources */ = {isa = PBXBuildFile; fileRef = 8254C0D91BEA956500DBEF14 /* Extensions.swift */; };
		8254C0DD1BEA956500DBEF14 /* Extensions+NSDate.swift in Sources */ = {isa = PBXBuildFile; fileRef = 8254C0DA1BEA956500DBEF14 /* Extensions+NSDate.swift */; };
		8254C0DE1BEA956500DBEF14 /* Extensions+UIColor.swift in Sources */ = {isa = PBXBuildFile; fileRef = 8254C0DB1BEA956500DBEF14 /* Extensions+UIColor.swift */; };
		8254C0E11BEA957000DBEF14 /* CollectionViewController.swift in Sources */ = {isa = PBXBuildFile; fileRef = 8254C0DF1BEA957000DBEF14 /* CollectionViewController.swift */; };
		8254C0E21BEA957000DBEF14 /* UICollectionViewScrollCell.swift in Sources */ = {isa = PBXBuildFile; fileRef = 8254C0E01BEA957000DBEF14 /* UICollectionViewScrollCell.swift */; };
		8254C0F61BEA957B00DBEF14 /* AppsCollectionViewCell.swift in Sources */ = {isa = PBXBuildFile; fileRef = 8254C0E31BEA957A00DBEF14 /* AppsCollectionViewCell.swift */; };
		8254C0F71BEA957B00DBEF14 /* AppsCollectionViewCell.xib in Resources */ = {isa = PBXBuildFile; fileRef = 8254C0E41BEA957A00DBEF14 /* AppsCollectionViewCell.xib */; };
		8254C0F81BEA957B00DBEF14 /* BioCollectionViewCell.swift in Sources */ = {isa = PBXBuildFile; fileRef = 8254C0E51BEA957A00DBEF14 /* BioCollectionViewCell.swift */; };
		8254C0F91BEA957B00DBEF14 /* BioCollectionViewCell.xib in Resources */ = {isa = PBXBuildFile; fileRef = 8254C0E61BEA957A00DBEF14 /* BioCollectionViewCell.xib */; };
		8254C0FA1BEA957B00DBEF14 /* ContactCollectionViewCell.swift in Sources */ = {isa = PBXBuildFile; fileRef = 8254C0E71BEA957A00DBEF14 /* ContactCollectionViewCell.swift */; };
		8254C0FB1BEA957B00DBEF14 /* ContactCollectionViewCell.xib in Resources */ = {isa = PBXBuildFile; fileRef = 8254C0E81BEA957A00DBEF14 /* ContactCollectionViewCell.xib */; };
		8254C0FD1BEA957B00DBEF14 /* EducationCollectionViewCell.swift in Sources */ = {isa = PBXBuildFile; fileRef = 8254C0EA1BEA957A00DBEF14 /* EducationCollectionViewCell.swift */; };
		8254C0FE1BEA957B00DBEF14 /* EducationCollectionViewCell.xib in Resources */ = {isa = PBXBuildFile; fileRef = 8254C0EB1BEA957A00DBEF14 /* EducationCollectionViewCell.xib */; };
		8254C0FF1BEA957B00DBEF14 /* GithubCollectionViewCell.swift in Sources */ = {isa = PBXBuildFile; fileRef = 8254C0EC1BEA957A00DBEF14 /* GithubCollectionViewCell.swift */; };
		8254C1001BEA957B00DBEF14 /* GithubCollectionViewCell.xib in Resources */ = {isa = PBXBuildFile; fileRef = 8254C0ED1BEA957A00DBEF14 /* GithubCollectionViewCell.xib */; };
		8254C1021BEA957B00DBEF14 /* HomeCollectionViewCell.swift in Sources */ = {isa = PBXBuildFile; fileRef = 8254C0EF1BEA957A00DBEF14 /* HomeCollectionViewCell.swift */; };
		8254C1031BEA957B00DBEF14 /* HomeCollectionViewCell.xib in Resources */ = {isa = PBXBuildFile; fileRef = 8254C0F01BEA957B00DBEF14 /* HomeCollectionViewCell.xib */; };
		8254C1051BEA957B00DBEF14 /* StackCollectionViewCell.swift in Sources */ = {isa = PBXBuildFile; fileRef = 8254C0F21BEA957B00DBEF14 /* StackCollectionViewCell.swift */; };
		827CF4901C3781C100854F9F /* CoreImage.framework in Frameworks */ = {isa = PBXBuildFile; fileRef = 827CF48F1C3781C100854F9F /* CoreImage.framework */; };
		827CF4921C3781C900854F9F /* CoreGraphics.framework in Frameworks */ = {isa = PBXBuildFile; fileRef = 827CF4911C3781C900854F9F /* CoreGraphics.framework */; };
		8292F9131C4ECDFC008B3CBD /* StackAnswerCollectionViewCell.swift in Sources */ = {isa = PBXBuildFile; fileRef = 8292F9121C4ECDFC008B3CBD /* StackAnswerCollectionViewCell.swift */; };
		8292F9151C4ECE2C008B3CBD /* StackAnswerCollectionViewCell.xib in Resources */ = {isa = PBXBuildFile; fileRef = 8292F9141C4ECE2C008B3CBD /* StackAnswerCollectionViewCell.xib */; };
		8292F9171C4ED008008B3CBD /* StackScrollFlowLayout.swift in Sources */ = {isa = PBXBuildFile; fileRef = 8292F9161C4ED008008B3CBD /* StackScrollFlowLayout.swift */; };
		82A0F0F21C2C1EBD00A75109 /* Menu.swift in Sources */ = {isa = PBXBuildFile; fileRef = 82A0F0F11C2C1EBD00A75109 /* Menu.swift */; };
		82A0F0F41C319FC800A75109 /* Extensions+Foundation.swift in Sources */ = {isa = PBXBuildFile; fileRef = 82A0F0F31C319FC800A75109 /* Extensions+Foundation.swift */; };
		82AA1F391C3A979C00D366AC /* ShapeKit+Layout.swift in Sources */ = {isa = PBXBuildFile; fileRef = 82AA1F381C3A979C00D366AC /* ShapeKit+Layout.swift */; };
		82AA1F3B1C3AAFC000D366AC /* Extensions+UIKit.swift in Sources */ = {isa = PBXBuildFile; fileRef = 82AA1F3A1C3AAFC000D366AC /* Extensions+UIKit.swift */; };
		82EBDDCE1C595BA90018F609 /* Extensions+Typealias.swift in Sources */ = {isa = PBXBuildFile; fileRef = 82EBDDCD1C595BA90018F609 /* Extensions+Typealias.swift */; };
		82F99B181C5033DA001486B0 /* StackCollectionViewCell.xib in Resources */ = {isa = PBXBuildFile; fileRef = 82F99B171C5033DA001486B0 /* StackCollectionViewCell.xib */; };
		82F99B1B1C514D3F001486B0 /* TextViewAutoHeight.swift in Sources */ = {isa = PBXBuildFile; fileRef = 82F99B1A1C514D3F001486B0 /* TextViewAutoHeight.swift */; };
		82F99B1D1C515807001486B0 /* movie.mp4 in Resources */ = {isa = PBXBuildFile; fileRef = 82F99B1C1C515807001486B0 /* movie.mp4 */; };
		82FA4EF71C34C9440076650E /* ShapeKit.swift in Sources */ = {isa = PBXBuildFile; fileRef = 82FA4EF61C34C9440076650E /* ShapeKit.swift */; };
		82FA4EF91C34CC4B0076650E /* Extensions+UIView.swift in Sources */ = {isa = PBXBuildFile; fileRef = 82FA4EF81C34CC4B0076650E /* Extensions+UIView.swift */; };
/* End PBXBuildFile section */

/* Begin PBXFileReference section */
		8202D5121C5F22B800CC66DD /* StackWebService.swift */ = {isa = PBXFileReference; fileEncoding = 4; lastKnownFileType = sourcecode.swift; path = StackWebService.swift; sourceTree = "<group>"; };
		8202D5141C5F2D4B00CC66DD /* User+CoreDataProperties.swift */ = {isa = PBXFileReference; fileEncoding = 4; lastKnownFileType = sourcecode.swift; name = "User+CoreDataProperties.swift"; path = "Resume/User+CoreDataProperties.swift"; sourceTree = "<group>"; };
		8202D5151C5F2D4B00CC66DD /* User.swift */ = {isa = PBXFileReference; fileEncoding = 4; lastKnownFileType = sourcecode.swift; name = User.swift; path = Resume/User.swift; sourceTree = "<group>"; };
		8202D5161C5F2D4B00CC66DD /* Tag+CoreDataProperties.swift */ = {isa = PBXFileReference; fileEncoding = 4; lastKnownFileType = sourcecode.swift; name = "Tag+CoreDataProperties.swift"; path = "Resume/Tag+CoreDataProperties.swift"; sourceTree = "<group>"; };
		8202D5171C5F2D4B00CC66DD /* Tag.swift */ = {isa = PBXFileReference; fileEncoding = 4; lastKnownFileType = sourcecode.swift; name = Tag.swift; path = Resume/Tag.swift; sourceTree = "<group>"; };
		8202D5181C5F2D4B00CC66DD /* Answer+CoreDataProperties.swift */ = {isa = PBXFileReference; fileEncoding = 4; lastKnownFileType = sourcecode.swift; name = "Answer+CoreDataProperties.swift"; path = "Resume/Answer+CoreDataProperties.swift"; sourceTree = "<group>"; };
		8202D5191C5F2D4B00CC66DD /* Answer.swift */ = {isa = PBXFileReference; fileEncoding = 4; lastKnownFileType = sourcecode.swift; name = Answer.swift; path = Resume/Answer.swift; sourceTree = "<group>"; };
		822AE3FD1C51E2AF00953F69 /* StackTagCollectionViewCell.xib */ = {isa = PBXFileReference; fileEncoding = 4; lastKnownFileType = file.xib; path = StackTagCollectionViewCell.xib; sourceTree = "<group>"; };
		822AE3FF1C51E31500953F69 /* StackTagCollectionViewCell.swift */ = {isa = PBXFileReference; fileEncoding = 4; lastKnownFileType = sourcecode.swift; path = StackTagCollectionViewCell.swift; sourceTree = "<group>"; };
		822AE4021C51E50100953F69 /* StackTagsDataSource.swift */ = {isa = PBXFileReference; fileEncoding = 4; lastKnownFileType = sourcecode.swift; path = StackTagsDataSource.swift; sourceTree = "<group>"; };
		822AE4041C51E50F00953F69 /* StackAnswersDataSource.swift */ = {isa = PBXFileReference; fileEncoding = 4; lastKnownFileType = sourcecode.swift; path = StackAnswersDataSource.swift; sourceTree = "<group>"; };
		825129561C4E0B9F00CB81E4 /* futura-bold.ttf */ = {isa = PBXFileReference; lastKnownFileType = file; path = "futura-bold.ttf"; sourceTree = "<group>"; };
		8254C0C11BEA953500DBEF14 /* Resume.app */ = {isa = PBXFileReference; explicitFileType = wrapper.application; includeInIndex = 0; path = Resume.app; sourceTree = BUILT_PRODUCTS_DIR; };
		8254C0C41BEA953500DBEF14 /* AppDelegate.swift */ = {isa = PBXFileReference; lastKnownFileType = sourcecode.swift; path = AppDelegate.swift; sourceTree = "<group>"; };
		8254C0C91BEA953500DBEF14 /* Base */ = {isa = PBXFileReference; lastKnownFileType = file.storyboard; name = Base; path = Base.lproj/Main.storyboard; sourceTree = "<group>"; };
		8254C0CC1BEA953500DBEF14 /* Resume.xcdatamodel */ = {isa = PBXFileReference; lastKnownFileType = wrapper.xcdatamodel; path = Resume.xcdatamodel; sourceTree = "<group>"; };
		8254C0CE1BEA953500DBEF14 /* Assets.xcassets */ = {isa = PBXFileReference; lastKnownFileType = folder.assetcatalog; path = Assets.xcassets; sourceTree = "<group>"; };
		8254C0D11BEA953500DBEF14 /* Base */ = {isa = PBXFileReference; lastKnownFileType = file.storyboard; name = Base; path = Base.lproj/LaunchScreen.storyboard; sourceTree = "<group>"; };
		8254C0D31BEA953500DBEF14 /* Info.plist */ = {isa = PBXFileReference; lastKnownFileType = text.plist.xml; path = Info.plist; sourceTree = "<group>"; };
		8254C0D91BEA956500DBEF14 /* Extensions.swift */ = {isa = PBXFileReference; fileEncoding = 4; lastKnownFileType = sourcecode.swift; path = Extensions.swift; sourceTree = "<group>"; };
		8254C0DA1BEA956500DBEF14 /* Extensions+NSDate.swift */ = {isa = PBXFileReference; fileEncoding = 4; lastKnownFileType = sourcecode.swift; path = "Extensions+NSDate.swift"; sourceTree = "<group>"; };
		8254C0DB1BEA956500DBEF14 /* Extensions+UIColor.swift */ = {isa = PBXFileReference; fileEncoding = 4; lastKnownFileType = sourcecode.swift; path = "Extensions+UIColor.swift"; sourceTree = "<group>"; };
		8254C0DF1BEA957000DBEF14 /* CollectionViewController.swift */ = {isa = PBXFileReference; fileEncoding = 4; lastKnownFileType = sourcecode.swift; path = CollectionViewController.swift; sourceTree = "<group>"; };
		8254C0E01BEA957000DBEF14 /* UICollectionViewScrollCell.swift */ = {isa = PBXFileReference; fileEncoding = 4; lastKnownFileType = sourcecode.swift; path = UICollectionViewScrollCell.swift; sourceTree = "<group>"; };
		8254C0E31BEA957A00DBEF14 /* AppsCollectionViewCell.swift */ = {isa = PBXFileReference; fileEncoding = 4; lastKnownFileType = sourcecode.swift; path = AppsCollectionViewCell.swift; sourceTree = "<group>"; };
		8254C0E41BEA957A00DBEF14 /* AppsCollectionViewCell.xib */ = {isa = PBXFileReference; fileEncoding = 4; lastKnownFileType = file.xib; path = AppsCollectionViewCell.xib; sourceTree = "<group>"; };
		8254C0E51BEA957A00DBEF14 /* BioCollectionViewCell.swift */ = {isa = PBXFileReference; fileEncoding = 4; lastKnownFileType = sourcecode.swift; path = BioCollectionViewCell.swift; sourceTree = "<group>"; };
		8254C0E61BEA957A00DBEF14 /* BioCollectionViewCell.xib */ = {isa = PBXFileReference; fileEncoding = 4; lastKnownFileType = file.xib; path = BioCollectionViewCell.xib; sourceTree = "<group>"; };
		8254C0E71BEA957A00DBEF14 /* ContactCollectionViewCell.swift */ = {isa = PBXFileReference; fileEncoding = 4; lastKnownFileType = sourcecode.swift; path = ContactCollectionViewCell.swift; sourceTree = "<group>"; };
		8254C0E81BEA957A00DBEF14 /* ContactCollectionViewCell.xib */ = {isa = PBXFileReference; fileEncoding = 4; lastKnownFileType = file.xib; path = ContactCollectionViewCell.xib; sourceTree = "<group>"; };
		8254C0EA1BEA957A00DBEF14 /* EducationCollectionViewCell.swift */ = {isa = PBXFileReference; fileEncoding = 4; lastKnownFileType = sourcecode.swift; path = EducationCollectionViewCell.swift; sourceTree = "<group>"; };
		8254C0EB1BEA957A00DBEF14 /* EducationCollectionViewCell.xib */ = {isa = PBXFileReference; fileEncoding = 4; lastKnownFileType = file.xib; path = EducationCollectionViewCell.xib; sourceTree = "<group>"; };
		8254C0EC1BEA957A00DBEF14 /* GithubCollectionViewCell.swift */ = {isa = PBXFileReference; fileEncoding = 4; lastKnownFileType = sourcecode.swift; path = GithubCollectionViewCell.swift; sourceTree = "<group>"; };
		8254C0ED1BEA957A00DBEF14 /* GithubCollectionViewCell.xib */ = {isa = PBXFileReference; fileEncoding = 4; lastKnownFileType = file.xib; path = GithubCollectionViewCell.xib; sourceTree = "<group>"; };
		8254C0EF1BEA957A00DBEF14 /* HomeCollectionViewCell.swift */ = {isa = PBXFileReference; fileEncoding = 4; lastKnownFileType = sourcecode.swift; path = HomeCollectionViewCell.swift; sourceTree = "<group>"; };
		8254C0F01BEA957B00DBEF14 /* HomeCollectionViewCell.xib */ = {isa = PBXFileReference; fileEncoding = 4; lastKnownFileType = file.xib; path = HomeCollectionViewCell.xib; sourceTree = "<group>"; };
		8254C0F21BEA957B00DBEF14 /* StackCollectionViewCell.swift */ = {isa = PBXFileReference; fileEncoding = 4; lastKnownFileType = sourcecode.swift; path = StackCollectionViewCell.swift; sourceTree = "<group>"; };
		827CF48F1C3781C100854F9F /* CoreImage.framework */ = {isa = PBXFileReference; lastKnownFileType = wrapper.framework; name = CoreImage.framework; path = System/Library/Frameworks/CoreImage.framework; sourceTree = SDKROOT; };
		827CF4911C3781C900854F9F /* CoreGraphics.framework */ = {isa = PBXFileReference; lastKnownFileType = wrapper.framework; name = CoreGraphics.framework; path = System/Library/Frameworks/CoreGraphics.framework; sourceTree = SDKROOT; };
		8292F9121C4ECDFC008B3CBD /* StackAnswerCollectionViewCell.swift */ = {isa = PBXFileReference; fileEncoding = 4; lastKnownFileType = sourcecode.swift; path = StackAnswerCollectionViewCell.swift; sourceTree = "<group>"; };
		8292F9141C4ECE2C008B3CBD /* StackAnswerCollectionViewCell.xib */ = {isa = PBXFileReference; fileEncoding = 4; lastKnownFileType = file.xib; path = StackAnswerCollectionViewCell.xib; sourceTree = "<group>"; };
		8292F9161C4ED008008B3CBD /* StackScrollFlowLayout.swift */ = {isa = PBXFileReference; fileEncoding = 4; lastKnownFileType = sourcecode.swift; path = StackScrollFlowLayout.swift; sourceTree = "<group>"; };
		82A0F0F11C2C1EBD00A75109 /* Menu.swift */ = {isa = PBXFileReference; fileEncoding = 4; lastKnownFileType = sourcecode.swift; path = Menu.swift; sourceTree = "<group>"; };
		82A0F0F31C319FC800A75109 /* Extensions+Foundation.swift */ = {isa = PBXFileReference; fileEncoding = 4; lastKnownFileType = sourcecode.swift; path = "Extensions+Foundation.swift"; sourceTree = "<group>"; };
		82AA1F381C3A979C00D366AC /* ShapeKit+Layout.swift */ = {isa = PBXFileReference; fileEncoding = 4; lastKnownFileType = sourcecode.swift; path = "ShapeKit+Layout.swift"; sourceTree = "<group>"; };
		82AA1F3A1C3AAFC000D366AC /* Extensions+UIKit.swift */ = {isa = PBXFileReference; fileEncoding = 4; lastKnownFileType = sourcecode.swift; path = "Extensions+UIKit.swift"; sourceTree = "<group>"; };
		82EBDDCD1C595BA90018F609 /* Extensions+Typealias.swift */ = {isa = PBXFileReference; fileEncoding = 4; lastKnownFileType = sourcecode.swift; path = "Extensions+Typealias.swift"; sourceTree = "<group>"; };
		82F99B171C5033DA001486B0 /* StackCollectionViewCell.xib */ = {isa = PBXFileReference; fileEncoding = 4; lastKnownFileType = file.xib; path = StackCollectionViewCell.xib; sourceTree = "<group>"; };
		82F99B191C504E04001486B0 /* Sandbox.playground */ = {isa = PBXFileReference; lastKnownFileType = file.playground; path = Sandbox.playground; sourceTree = "<group>"; };
		82F99B1A1C514D3F001486B0 /* TextViewAutoHeight.swift */ = {isa = PBXFileReference; fileEncoding = 4; lastKnownFileType = sourcecode.swift; path = TextViewAutoHeight.swift; sourceTree = "<group>"; };
		82F99B1C1C515807001486B0 /* movie.mp4 */ = {isa = PBXFileReference; lastKnownFileType = file; path = movie.mp4; sourceTree = "<group>"; };
		82FA4EF61C34C9440076650E /* ShapeKit.swift */ = {isa = PBXFileReference; fileEncoding = 4; lastKnownFileType = sourcecode.swift; path = ShapeKit.swift; sourceTree = "<group>"; };
		82FA4EF81C34CC4B0076650E /* Extensions+UIView.swift */ = {isa = PBXFileReference; fileEncoding = 4; lastKnownFileType = sourcecode.swift; path = "Extensions+UIView.swift"; sourceTree = "<group>"; };
		82FB5A651C3A420800795B1F /* Resume-Bridging-Header.h */ = {isa = PBXFileReference; lastKnownFileType = sourcecode.c.h; path = "Resume-Bridging-Header.h"; sourceTree = "<group>"; };
/* End PBXFileReference section */

/* Begin PBXFrameworksBuildPhase section */
		8254C0BE1BEA953500DBEF14 /* Frameworks */ = {
			isa = PBXFrameworksBuildPhase;
			buildActionMask = 2147483647;
			files = (
				827CF4921C3781C900854F9F /* CoreGraphics.framework in Frameworks */,
				827CF4901C3781C100854F9F /* CoreImage.framework in Frameworks */,
			);
			runOnlyForDeploymentPostprocessing = 0;
		};
/* End PBXFrameworksBuildPhase section */

/* Begin PBXGroup section */
		8202D5101C5F229500CC66DD /* Web Services */ = {
			isa = PBXGroup;
			children = (
				8202D5121C5F22B800CC66DD /* StackWebService.swift */,
			);
			name = "Web Services";
			sourceTree = "<group>";
		};
		8202D5111C5F22A100CC66DD /* Core Data Services */ = {
			isa = PBXGroup;
			children = (
			);
			name = "Core Data Services";
			sourceTree = "<group>";
		};
		8202D5201C5F2D5400CC66DD /* Stack */ = {
			isa = PBXGroup;
			children = (
				8202D5141C5F2D4B00CC66DD /* User+CoreDataProperties.swift */,
				8202D5151C5F2D4B00CC66DD /* User.swift */,
				8202D5161C5F2D4B00CC66DD /* Tag+CoreDataProperties.swift */,
				8202D5171C5F2D4B00CC66DD /* Tag.swift */,
				8202D5181C5F2D4B00CC66DD /* Answer+CoreDataProperties.swift */,
				8202D5191C5F2D4B00CC66DD /* Answer.swift */,
			);
			name = Stack;
			path = ..;
			sourceTree = "<group>";
		};
		8202D5231C5F30A600CC66DD /* Subclasses+NSManagedObject */ = {
			isa = PBXGroup;
			children = (
				8202D5201C5F2D5400CC66DD /* Stack */,
			);
			name = "Subclasses+NSManagedObject";
			sourceTree = "<group>";
		};
		822AE4011C51E36000953F69 /* Cells */ = {
			isa = PBXGroup;
			children = (
				822AE3FD1C51E2AF00953F69 /* StackTagCollectionViewCell.xib */,
				822AE3FF1C51E31500953F69 /* StackTagCollectionViewCell.swift */,
				8292F9141C4ECE2C008B3CBD /* StackAnswerCollectionViewCell.xib */,
				8292F9121C4ECDFC008B3CBD /* StackAnswerCollectionViewCell.swift */,
			);
			name = Cells;
			sourceTree = "<group>";
		};
		822AE4061C51E52D00953F69 /* Data Sources */ = {
			isa = PBXGroup;
			children = (
				822AE4021C51E50100953F69 /* StackTagsDataSource.swift */,
				822AE4041C51E50F00953F69 /* StackAnswersDataSource.swift */,
			);
			name = "Data Sources";
			sourceTree = "<group>";
		};
		825129551C4E0B7500CB81E4 /* Fonts */ = {
			isa = PBXGroup;
			children = (
				825129561C4E0B9F00CB81E4 /* futura-bold.ttf */,
			);
			name = Fonts;
			sourceTree = "<group>";
		};
		8254C0B81BEA953500DBEF14 = {
			isa = PBXGroup;
			children = (
				827CF4911C3781C900854F9F /* CoreGraphics.framework */,
				827CF48F1C3781C100854F9F /* CoreImage.framework */,
				8254C0C31BEA953500DBEF14 /* Resume */,
				8254C0C21BEA953500DBEF14 /* Products */,
			);
			sourceTree = "<group>";
		};
		8254C0C21BEA953500DBEF14 /* Products */ = {
			isa = PBXGroup;
			children = (
				8254C0C11BEA953500DBEF14 /* Resume.app */,
			);
			name = Products;
			sourceTree = "<group>";
		};
		8254C0C31BEA953500DBEF14 /* Resume */ = {
			isa = PBXGroup;
			children = (
				82A2C8311C267EEE00D991D2 /* Supporting Files */,
				8254C10B1BEA980F00DBEF14 /* Extensions */,
				82A2C8331C27265D00D991D2 /* Controls */,
				82A2C8321C27264E00D991D2 /* Subclasses */,
				82F99B191C504E04001486B0 /* Sandbox.playground */,
				8254C0C81BEA953500DBEF14 /* Main.storyboard */,
				8254C0CB1BEA953500DBEF14 /* Resume.xcdatamodeld */,
				8254C0C41BEA953500DBEF14 /* AppDelegate.swift */,
				82A0F0F11C2C1EBD00A75109 /* Menu.swift */,
				8254C0DF1BEA957000DBEF14 /* CollectionViewController.swift */,
				8254C0E01BEA957000DBEF14 /* UICollectionViewScrollCell.swift */,
				8202D5111C5F22A100CC66DD /* Core Data Services */,
				8202D5101C5F229500CC66DD /* Web Services */,
				8254C1091BEA968700DBEF14 /* Cells */,
			);
			path = Resume;
			sourceTree = "<group>";
		};
		8254C1091BEA968700DBEF14 /* Cells */ = {
			isa = PBXGroup;
			children = (
				8254C10A1BEA97F100DBEF14 /* Home */,
				82A2C82C1C267A5D00D991D2 /* Bio */,
				82A2C82E1C267BAC00D991D2 /* Education */,
				82A2C82B1C267A4100D991D2 /* Apps */,
				82A2C82D1C267B5B00D991D2 /* Contact */,
				82A2C82F1C267BB500D991D2 /* GitHub */,
				82A2C8301C267BBE00D991D2 /* Stack */,
			);
			name = Cells;
			sourceTree = "<group>";
		};
		8254C10A1BEA97F100DBEF14 /* Home */ = {
			isa = PBXGroup;
			children = (
				82FA4EF61C34C9440076650E /* ShapeKit.swift */,
				82AA1F381C3A979C00D366AC /* ShapeKit+Layout.swift */,
				8254C0EF1BEA957A00DBEF14 /* HomeCollectionViewCell.swift */,
				8254C0F01BEA957B00DBEF14 /* HomeCollectionViewCell.xib */,
			);
			name = Home;
			sourceTree = "<group>";
		};
		8254C10B1BEA980F00DBEF14 /* Extensions */ = {
			isa = PBXGroup;
			children = (
				8254C0D91BEA956500DBEF14 /* Extensions.swift */,
				82EBDDCD1C595BA90018F609 /* Extensions+Typealias.swift */,
				82A0F0F31C319FC800A75109 /* Extensions+Foundation.swift */,
				82AA1F3A1C3AAFC000D366AC /* Extensions+UIKit.swift */,
				82FA4EF81C34CC4B0076650E /* Extensions+UIView.swift */,
				8254C0DA1BEA956500DBEF14 /* Extensions+NSDate.swift */,
				8254C0DB1BEA956500DBEF14 /* Extensions+UIColor.swift */,
			);
			name = Extensions;
			sourceTree = "<group>";
		};
		82A2C82B1C267A4100D991D2 /* Apps */ = {
			isa = PBXGroup;
			children = (
				8254C0E31BEA957A00DBEF14 /* AppsCollectionViewCell.swift */,
				8254C0E41BEA957A00DBEF14 /* AppsCollectionViewCell.xib */,
			);
			name = Apps;
			sourceTree = "<group>";
		};
		82A2C82C1C267A5D00D991D2 /* Bio */ = {
			isa = PBXGroup;
			children = (
				8254C0E51BEA957A00DBEF14 /* BioCollectionViewCell.swift */,
				8254C0E61BEA957A00DBEF14 /* BioCollectionViewCell.xib */,
			);
			name = Bio;
			sourceTree = "<group>";
		};
		82A2C82D1C267B5B00D991D2 /* Contact */ = {
			isa = PBXGroup;
			children = (
				8254C0E71BEA957A00DBEF14 /* ContactCollectionViewCell.swift */,
				8254C0E81BEA957A00DBEF14 /* ContactCollectionViewCell.xib */,
			);
			name = Contact;
			sourceTree = "<group>";
		};
		82A2C82E1C267BAC00D991D2 /* Education */ = {
			isa = PBXGroup;
			children = (
				8254C0EA1BEA957A00DBEF14 /* EducationCollectionViewCell.swift */,
				8254C0EB1BEA957A00DBEF14 /* EducationCollectionViewCell.xib */,
			);
			name = Education;
			sourceTree = "<group>";
		};
		82A2C82F1C267BB500D991D2 /* GitHub */ = {
			isa = PBXGroup;
			children = (
				8254C0EC1BEA957A00DBEF14 /* GithubCollectionViewCell.swift */,
				8254C0ED1BEA957A00DBEF14 /* GithubCollectionViewCell.xib */,
			);
			name = GitHub;
			sourceTree = "<group>";
		};
		82A2C8301C267BBE00D991D2 /* Stack */ = {
			isa = PBXGroup;
			children = (
				822AE4011C51E36000953F69 /* Cells */,
				822AE4061C51E52D00953F69 /* Data Sources */,
				8254C0F21BEA957B00DBEF14 /* StackCollectionViewCell.swift */,
				82F99B171C5033DA001486B0 /* StackCollectionViewCell.xib */,
				8292F9161C4ED008008B3CBD /* StackScrollFlowLayout.swift */,
			);
			name = Stack;
			sourceTree = "<group>";
		};
		82A2C8311C267EEE00D991D2 /* Supporting Files */ = {
			isa = PBXGroup;
			children = (
				825129551C4E0B7500CB81E4 /* Fonts */,
				8254C0CE1BEA953500DBEF14 /* Assets.xcassets */,
				8254C0D01BEA953500DBEF14 /* LaunchScreen.storyboard */,
				8254C0D31BEA953500DBEF14 /* Info.plist */,
				82F99B1C1C515807001486B0 /* movie.mp4 */,
				82FB5A651C3A420800795B1F /* Resume-Bridging-Header.h */,
			);
			name = "Supporting Files";
			sourceTree = "<group>";
		};
		82A2C8321C27264E00D991D2 /* Subclasses */ = {
			isa = PBXGroup;
			children = (
				8202D5231C5F30A600CC66DD /* Subclasses+NSManagedObject */,
				82F99B1A1C514D3F001486B0 /* TextViewAutoHeight.swift */,
			);
			name = Subclasses;
			sourceTree = "<group>";
		};
		82A2C8331C27265D00D991D2 /* Controls */ = {
			isa = PBXGroup;
			children = (
			);
			name = Controls;
			sourceTree = "<group>";
		};
/* End PBXGroup section */

/* Begin PBXNativeTarget section */
		8254C0C01BEA953500DBEF14 /* Resume */ = {
			isa = PBXNativeTarget;
			buildConfigurationList = 8254C0D61BEA953500DBEF14 /* Build configuration list for PBXNativeTarget "Resume" */;
			buildPhases = (
				8254C0BD1BEA953500DBEF14 /* Sources */,
				8254C0BE1BEA953500DBEF14 /* Frameworks */,
				8254C0BF1BEA953500DBEF14 /* Resources */,
			);
			buildRules = (
			);
			dependencies = (
			);
			name = Resume;
			productName = Resume;
			productReference = 8254C0C11BEA953500DBEF14 /* Resume.app */;
			productType = "com.apple.product-type.application";
		};
/* End PBXNativeTarget section */

/* Begin PBXProject section */
		8254C0B91BEA953500DBEF14 /* Project object */ = {
			isa = PBXProject;
			attributes = {
				LastSwiftUpdateCheck = 0720;
				LastUpgradeCheck = 0710;
				ORGANIZATIONNAME = "Ian MacCallum";
				TargetAttributes = {
					8254C0C01BEA953500DBEF14 = {
						CreatedOnToolsVersion = 7.1;
					};
				};
			};
			buildConfigurationList = 8254C0BC1BEA953500DBEF14 /* Build configuration list for PBXProject "Resume" */;
			compatibilityVersion = "Xcode 3.2";
			developmentRegion = English;
			hasScannedForEncodings = 0;
			knownRegions = (
				en,
				Base,
			);
			mainGroup = 8254C0B81BEA953500DBEF14;
			productRefGroup = 8254C0C21BEA953500DBEF14 /* Products */;
			projectDirPath = "";
			projectRoot = "";
			targets = (
				8254C0C01BEA953500DBEF14 /* Resume */,
			);
		};
/* End PBXProject section */

/* Begin PBXResourcesBuildPhase section */
		8254C0BF1BEA953500DBEF14 /* Resources */ = {
			isa = PBXResourcesBuildPhase;
			buildActionMask = 2147483647;
			files = (
				8254C0D21BEA953500DBEF14 /* LaunchScreen.storyboard in Resources */,
				82F99B1D1C515807001486B0 /* movie.mp4 in Resources */,
				82F99B181C5033DA001486B0 /* StackCollectionViewCell.xib in Resources */,
				8254C0FE1BEA957B00DBEF14 /* EducationCollectionViewCell.xib in Resources */,
				8254C0CF1BEA953500DBEF14 /* Assets.xcassets in Resources */,
				8254C0F71BEA957B00DBEF14 /* AppsCollectionViewCell.xib in Resources */,
				8254C1031BEA957B00DBEF14 /* HomeCollectionViewCell.xib in Resources */,
				8292F9151C4ECE2C008B3CBD /* StackAnswerCollectionViewCell.xib in Resources */,
				8254C0F91BEA957B00DBEF14 /* BioCollectionViewCell.xib in Resources */,
				8254C0CA1BEA953500DBEF14 /* Main.storyboard in Resources */,
				8254C0FB1BEA957B00DBEF14 /* ContactCollectionViewCell.xib in Resources */,
				8254C1001BEA957B00DBEF14 /* GithubCollectionViewCell.xib in Resources */,
				822AE3FE1C51E2AF00953F69 /* StackTagCollectionViewCell.xib in Resources */,
				825129571C4E0B9F00CB81E4 /* futura-bold.ttf in Resources */,
			);
			runOnlyForDeploymentPostprocessing = 0;
		};
/* End PBXResourcesBuildPhase section */

/* Begin PBXSourcesBuildPhase section */
		8254C0BD1BEA953500DBEF14 /* Sources */ = {
			isa = PBXSourcesBuildPhase;
			buildActionMask = 2147483647;
			files = (
				8202D51D1C5F2D4B00CC66DD /* Tag.swift in Sources */,
				822AE4001C51E31500953F69 /* StackTagCollectionViewCell.swift in Sources */,
				8254C0CD1BEA953500DBEF14 /* Resume.xcdatamodeld in Sources */,
				8254C0DD1BEA956500DBEF14 /* Extensions+NSDate.swift in Sources */,
				8292F9131C4ECDFC008B3CBD /* StackAnswerCollectionViewCell.swift in Sources */,
				82AA1F3B1C3AAFC000D366AC /* Extensions+UIKit.swift in Sources */,
				82A0F0F41C319FC800A75109 /* Extensions+Foundation.swift in Sources */,
				8202D51F1C5F2D4B00CC66DD /* Answer.swift in Sources */,
				8254C0FA1BEA957B00DBEF14 /* ContactCollectionViewCell.swift in Sources */,
				8254C0DE1BEA956500DBEF14 /* Extensions+UIColor.swift in Sources */,
				8202D51B1C5F2D4B00CC66DD /* User.swift in Sources */,
				8254C0FD1BEA957B00DBEF14 /* EducationCollectionViewCell.swift in Sources */,
				822AE4051C51E50F00953F69 /* StackAnswersDataSource.swift in Sources */,
				8292F9171C4ED008008B3CBD /* StackScrollFlowLayout.swift in Sources */,
				8254C0E11BEA957000DBEF14 /* CollectionViewController.swift in Sources */,
				822AE4031C51E50100953F69 /* StackTagsDataSource.swift in Sources */,
				82FA4EF91C34CC4B0076650E /* Extensions+UIView.swift in Sources */,
				82F99B1B1C514D3F001486B0 /* TextViewAutoHeight.swift in Sources */,
				8254C1021BEA957B00DBEF14 /* HomeCollectionViewCell.swift in Sources */,
				82EBDDCE1C595BA90018F609 /* Extensions+Typealias.swift in Sources */,
				8254C0C51BEA953500DBEF14 /* AppDelegate.swift in Sources */,
				8202D51E1C5F2D4B00CC66DD /* Answer+CoreDataProperties.swift in Sources */,
				8254C1051BEA957B00DBEF14 /* StackCollectionViewCell.swift in Sources */,
				8202D51C1C5F2D4B00CC66DD /* Tag+CoreDataProperties.swift in Sources */,
				82FA4EF71C34C9440076650E /* ShapeKit.swift in Sources */,
				8254C0FF1BEA957B00DBEF14 /* GithubCollectionViewCell.swift in Sources */,
				82A0F0F21C2C1EBD00A75109 /* Menu.swift in Sources */,
				8202D51A1C5F2D4B00CC66DD /* User+CoreDataProperties.swift in Sources */,
				8254C0E21BEA957000DBEF14 /* UICollectionViewScrollCell.swift in Sources */,
				8254C0DC1BEA956500DBEF14 /* Extensions.swift in Sources */,
				82AA1F391C3A979C00D366AC /* ShapeKit+Layout.swift in Sources */,
				8202D5131C5F22B800CC66DD /* StackWebService.swift in Sources */,
				8254C0F61BEA957B00DBEF14 /* AppsCollectionViewCell.swift in Sources */,
				8254C0F81BEA957B00DBEF14 /* BioCollectionViewCell.swift in Sources */,
			);
			runOnlyForDeploymentPostprocessing = 0;
		};
/* End PBXSourcesBuildPhase section */

/* Begin PBXVariantGroup section */
		8254C0C81BEA953500DBEF14 /* Main.storyboard */ = {
			isa = PBXVariantGroup;
			children = (
				8254C0C91BEA953500DBEF14 /* Base */,
			);
			name = Main.storyboard;
			sourceTree = "<group>";
		};
		8254C0D01BEA953500DBEF14 /* LaunchScreen.storyboard */ = {
			isa = PBXVariantGroup;
			children = (
				8254C0D11BEA953500DBEF14 /* Base */,
			);
			name = LaunchScreen.storyboard;
			sourceTree = "<group>";
		};
/* End PBXVariantGroup section */

/* Begin XCBuildConfiguration section */
		8254C0D41BEA953500DBEF14 /* Debug */ = {
			isa = XCBuildConfiguration;
			buildSettings = {
				ALWAYS_SEARCH_USER_PATHS = NO;
				CLANG_CXX_LANGUAGE_STANDARD = "gnu++0x";
				CLANG_CXX_LIBRARY = "libc++";
				CLANG_ENABLE_MODULES = YES;
				CLANG_ENABLE_OBJC_ARC = YES;
				CLANG_WARN_BOOL_CONVERSION = YES;
				CLANG_WARN_CONSTANT_CONVERSION = YES;
				CLANG_WARN_DIRECT_OBJC_ISA_USAGE = YES_ERROR;
				CLANG_WARN_EMPTY_BODY = YES;
				CLANG_WARN_ENUM_CONVERSION = YES;
				CLANG_WARN_INT_CONVERSION = YES;
				CLANG_WARN_OBJC_ROOT_CLASS = YES_ERROR;
				CLANG_WARN_UNREACHABLE_CODE = YES;
				CLANG_WARN__DUPLICATE_METHOD_MATCH = YES;
				"CODE_SIGN_IDENTITY[sdk=iphoneos*]" = "iPhone Developer";
				COPY_PHASE_STRIP = NO;
				DEBUG_INFORMATION_FORMAT = dwarf;
				ENABLE_STRICT_OBJC_MSGSEND = YES;
				ENABLE_TESTABILITY = YES;
				GCC_C_LANGUAGE_STANDARD = gnu99;
				GCC_DYNAMIC_NO_PIC = NO;
				GCC_NO_COMMON_BLOCKS = YES;
				GCC_OPTIMIZATION_LEVEL = 0;
				GCC_PREPROCESSOR_DEFINITIONS = (
					"DEBUG=1",
					"$(inherited)",
				);
				GCC_WARN_64_TO_32_BIT_CONVERSION = YES;
				GCC_WARN_ABOUT_RETURN_TYPE = YES_ERROR;
				GCC_WARN_UNDECLARED_SELECTOR = YES;
				GCC_WARN_UNINITIALIZED_AUTOS = YES_AGGRESSIVE;
				GCC_WARN_UNUSED_FUNCTION = YES;
				GCC_WARN_UNUSED_VARIABLE = YES;
				IPHONEOS_DEPLOYMENT_TARGET = 9.1;
				MTL_ENABLE_DEBUG_INFO = YES;
				ONLY_ACTIVE_ARCH = YES;
				SDKROOT = iphoneos;
				SWIFT_OPTIMIZATION_LEVEL = "-Onone";
				TARGETED_DEVICE_FAMILY = "1,2";
			};
			name = Debug;
		};
		8254C0D51BEA953500DBEF14 /* Release */ = {
			isa = XCBuildConfiguration;
			buildSettings = {
				ALWAYS_SEARCH_USER_PATHS = NO;
				CLANG_CXX_LANGUAGE_STANDARD = "gnu++0x";
				CLANG_CXX_LIBRARY = "libc++";
				CLANG_ENABLE_MODULES = YES;
				CLANG_ENABLE_OBJC_ARC = YES;
				CLANG_WARN_BOOL_CONVERSION = YES;
				CLANG_WARN_CONSTANT_CONVERSION = YES;
				CLANG_WARN_DIRECT_OBJC_ISA_USAGE = YES_ERROR;
				CLANG_WARN_EMPTY_BODY = YES;
				CLANG_WARN_ENUM_CONVERSION = YES;
				CLANG_WARN_INT_CONVERSION = YES;
				CLANG_WARN_OBJC_ROOT_CLASS = YES_ERROR;
				CLANG_WARN_UNREACHABLE_CODE = YES;
				CLANG_WARN__DUPLICATE_METHOD_MATCH = YES;
				"CODE_SIGN_IDENTITY[sdk=iphoneos*]" = "iPhone Developer";
				COPY_PHASE_STRIP = NO;
				DEBUG_INFORMATION_FORMAT = "dwarf-with-dsym";
				ENABLE_NS_ASSERTIONS = NO;
				ENABLE_STRICT_OBJC_MSGSEND = YES;
				GCC_C_LANGUAGE_STANDARD = gnu99;
				GCC_NO_COMMON_BLOCKS = YES;
				GCC_WARN_64_TO_32_BIT_CONVERSION = YES;
				GCC_WARN_ABOUT_RETURN_TYPE = YES_ERROR;
				GCC_WARN_UNDECLARED_SELECTOR = YES;
				GCC_WARN_UNINITIALIZED_AUTOS = YES_AGGRESSIVE;
				GCC_WARN_UNUSED_FUNCTION = YES;
				GCC_WARN_UNUSED_VARIABLE = YES;
				IPHONEOS_DEPLOYMENT_TARGET = 9.1;
				MTL_ENABLE_DEBUG_INFO = NO;
				SDKROOT = iphoneos;
				TARGETED_DEVICE_FAMILY = "1,2";
				VALIDATE_PRODUCT = YES;
			};
			name = Release;
		};
		8254C0D71BEA953500DBEF14 /* Debug */ = {
			isa = XCBuildConfiguration;
			buildSettings = {
				ASSETCATALOG_COMPILER_APPICON_NAME = AppIcon;
				CLANG_ENABLE_MODULES = YES;
				INFOPLIST_FILE = Resume/Info.plist;
				LD_RUNPATH_SEARCH_PATHS = "$(inherited) @executable_path/Frameworks";
				PRODUCT_BUNDLE_IDENTIFIER = com.maccdevteam.Resume;
				PRODUCT_NAME = "$(TARGET_NAME)";
				SWIFT_OBJC_BRIDGING_HEADER = "Resume/Resume-Bridging-Header.h";
				SWIFT_OPTIMIZATION_LEVEL = "-Onone";
			};
			name = Debug;
		};
		8254C0D81BEA953500DBEF14 /* Release */ = {
			isa = XCBuildConfiguration;
			buildSettings = {
				ASSETCATALOG_COMPILER_APPICON_NAME = AppIcon;
				CLANG_ENABLE_MODULES = YES;
				INFOPLIST_FILE = Resume/Info.plist;
				LD_RUNPATH_SEARCH_PATHS = "$(inherited) @executable_path/Frameworks";
				PRODUCT_BUNDLE_IDENTIFIER = com.maccdevteam.Resume;
				PRODUCT_NAME = "$(TARGET_NAME)";
				SWIFT_OBJC_BRIDGING_HEADER = "Resume/Resume-Bridging-Header.h";
			};
			name = Release;
		};
/* End XCBuildConfiguration section */

/* Begin XCConfigurationList section */
		8254C0BC1BEA953500DBEF14 /* Build configuration list for PBXProject "Resume" */ = {
			isa = XCConfigurationList;
			buildConfigurations = (
				8254C0D41BEA953500DBEF14 /* Debug */,
				8254C0D51BEA953500DBEF14 /* Release */,
			);
			defaultConfigurationIsVisible = 0;
			defaultConfigurationName = Release;
		};
		8254C0D61BEA953500DBEF14 /* Build configuration list for PBXNativeTarget "Resume" */ = {
			isa = XCConfigurationList;
			buildConfigurations = (
				8254C0D71BEA953500DBEF14 /* Debug */,
				8254C0D81BEA953500DBEF14 /* Release */,
			);
			defaultConfigurationIsVisible = 0;
			defaultConfigurationName = Release;
		};
/* End XCConfigurationList section */

/* Begin XCVersionGroup section */
		8254C0CB1BEA953500DBEF14 /* Resume.xcdatamodeld */ = {
			isa = XCVersionGroup;
			children = (
				8254C0CC1BEA953500DBEF14 /* Resume.xcdatamodel */,
			);
			currentVersion = 8254C0CC1BEA953500DBEF14 /* Resume.xcdatamodel */;
			path = Resume.xcdatamodeld;
			sourceTree = "<group>";
			versionGroupType = wrapper.xcdatamodel;
		};
/* End XCVersionGroup section */
	};
	rootObject = 8254C0B91BEA953500DBEF14 /* Project object */;
}
